// !$*UTF8*$!
{
	archiveVersion = 1;
	classes = {
	};
	objectVersion = 50;
	objects = {

/* Begin PBXBuildFile section */
		864EFDD73352626D7CD53376 /* Pods_Celebrity.framework in Frameworks */ = {isa = PBXBuildFile; fileRef = 5AD6811DE82C7E40B922FC3A /* Pods_Celebrity.framework */; };
		F036C0302284FEEA00F791F8 /* celebrities.png in Resources */ = {isa = PBXBuildFile; fileRef = F036C02F2284FEEA00F791F8 /* celebrities.png */; };
		F036C03222852EB900F791F8 /* awsconfiguration.json in Resources */ = {isa = PBXBuildFile; fileRef = F036C03122852EB900F791F8 /* awsconfiguration.json */; };
		F093A8592281098D006BAFF9 /* AppDelegate.swift in Sources */ = {isa = PBXBuildFile; fileRef = F093A8582281098D006BAFF9 /* AppDelegate.swift */; };
		F093A85B2281098D006BAFF9 /* ViewController.swift in Sources */ = {isa = PBXBuildFile; fileRef = F093A85A2281098D006BAFF9 /* ViewController.swift */; };
		F093A85E2281098D006BAFF9 /* Main.storyboard in Resources */ = {isa = PBXBuildFile; fileRef = F093A85C2281098D006BAFF9 /* Main.storyboard */; };
		F093A8602281098E006BAFF9 /* Assets.xcassets in Resources */ = {isa = PBXBuildFile; fileRef = F093A85F2281098E006BAFF9 /* Assets.xcassets */; };
		F093A8632281098E006BAFF9 /* LaunchScreen.storyboard in Resources */ = {isa = PBXBuildFile; fileRef = F093A8612281098E006BAFF9 /* LaunchScreen.storyboard */; };
		F0E780EF2284EAE9007D37F9 /* Celebrity.swift in Sources */ = {isa = PBXBuildFile; fileRef = F0E780EE2284EAE9007D37F9 /* Celebrity.swift */; };
/* End PBXBuildFile section */

/* Begin PBXFileReference section */
		1CEBFB83B0FAB72BAC791412 /* Pods-Celebrity.release.xcconfig */ = {isa = PBXFileReference; includeInIndex = 1; lastKnownFileType = text.xcconfig; name = "Pods-Celebrity.release.xcconfig"; path = "Target Support Files/Pods-Celebrity/Pods-Celebrity.release.xcconfig"; sourceTree = "<group>"; };
		56083A30D5261C4947141C15 /* Pods-Celebrity.debug.xcconfig */ = {isa = PBXFileReference; includeInIndex = 1; lastKnownFileType = text.xcconfig; name = "Pods-Celebrity.debug.xcconfig"; path = "Target Support Files/Pods-Celebrity/Pods-Celebrity.debug.xcconfig"; sourceTree = "<group>"; };
		5AD6811DE82C7E40B922FC3A /* Pods_Celebrity.framework */ = {isa = PBXFileReference; explicitFileType = wrapper.framework; includeInIndex = 0; path = Pods_Celebrity.framework; sourceTree = BUILT_PRODUCTS_DIR; };
		F036C02F2284FEEA00F791F8 /* celebrities.png */ = {isa = PBXFileReference; lastKnownFileType = image.png; path = celebrities.png; sourceTree = "<group>"; };
		F036C03122852EB900F791F8 /* awsconfiguration.json */ = {isa = PBXFileReference; lastKnownFileType = text.json; path = awsconfiguration.json; sourceTree = "<group>"; };
		F093A8552281098D006BAFF9 /* Celebrity.app */ = {isa = PBXFileReference; explicitFileType = wrapper.application; includeInIndex = 0; path = Celebrity.app; sourceTree = BUILT_PRODUCTS_DIR; };
		F093A8582281098D006BAFF9 /* AppDelegate.swift */ = {isa = PBXFileReference; lastKnownFileType = sourcecode.swift; path = AppDelegate.swift; sourceTree = "<group>"; };
		F093A85A2281098D006BAFF9 /* ViewController.swift */ = {isa = PBXFileReference; lastKnownFileType = sourcecode.swift; path = ViewController.swift; sourceTree = "<group>"; };
		F093A85D2281098D006BAFF9 /* Base */ = {isa = PBXFileReference; lastKnownFileType = file.storyboard; name = Base; path = Base.lproj/Main.storyboard; sourceTree = "<group>"; };
		F093A85F2281098E006BAFF9 /* Assets.xcassets */ = {isa = PBXFileReference; lastKnownFileType = folder.assetcatalog; path = Assets.xcassets; sourceTree = "<group>"; };
		F093A8622281098E006BAFF9 /* Base */ = {isa = PBXFileReference; lastKnownFileType = file.storyboard; name = Base; path = Base.lproj/LaunchScreen.storyboard; sourceTree = "<group>"; };
		F093A8642281098E006BAFF9 /* Info.plist */ = {isa = PBXFileReference; lastKnownFileType = text.plist.xml; path = Info.plist; sourceTree = "<group>"; };
		F0E780EE2284EAE9007D37F9 /* Celebrity.swift */ = {isa = PBXFileReference; lastKnownFileType = sourcecode.swift; path = Celebrity.swift; sourceTree = "<group>"; };
/* End PBXFileReference section */

/* Begin PBXFrameworksBuildPhase section */
		F093A8522281098D006BAFF9 /* Frameworks */ = {
			isa = PBXFrameworksBuildPhase;
			buildActionMask = 2147483647;
			files = (
				864EFDD73352626D7CD53376 /* Pods_Celebrity.framework in Frameworks */,
			);
			runOnlyForDeploymentPostprocessing = 0;
		};
/* End PBXFrameworksBuildPhase section */

/* Begin PBXGroup section */
		F093A84C2281098D006BAFF9 = {
			isa = PBXGroup;
			children = (
				F093A8572281098D006BAFF9 /* Celebrity */,
				F093A8562281098D006BAFF9 /* Products */,
				F63BB149380E52BAB75D612A /* Pods */,
				FB8776B59B8B499BE958DA31 /* Frameworks */,
			);
			sourceTree = "<group>";
		};
		F093A8562281098D006BAFF9 /* Products */ = {
			isa = PBXGroup;
			children = (
				F093A8552281098D006BAFF9 /* Celebrity.app */,
			);
			name = Products;
			sourceTree = "<group>";
		};
		F093A8572281098D006BAFF9 /* Celebrity */ = {
			isa = PBXGroup;
			children = (
				F036C02F2284FEEA00F791F8 /* celebrities.png */,
				F093A8582281098D006BAFF9 /* AppDelegate.swift */,
				F093A85A2281098D006BAFF9 /* ViewController.swift */,
				F093A85C2281098D006BAFF9 /* Main.storyboard */,
				F093A85F2281098E006BAFF9 /* Assets.xcassets */,
				F093A8612281098E006BAFF9 /* LaunchScreen.storyboard */,
				F093A8642281098E006BAFF9 /* Info.plist */,
				F0E780EE2284EAE9007D37F9 /* Celebrity.swift */,
				F036C03122852EB900F791F8 /* awsconfiguration.json */,
			);
			path = Celebrity;
			sourceTree = "<group>";
		};
		F63BB149380E52BAB75D612A /* Pods */ = {
			isa = PBXGroup;
			children = (
				56083A30D5261C4947141C15 /* Pods-Celebrity.debug.xcconfig */,
				1CEBFB83B0FAB72BAC791412 /* Pods-Celebrity.release.xcconfig */,
			);
			path = Pods;
			sourceTree = "<group>";
		};
		FB8776B59B8B499BE958DA31 /* Frameworks */ = {
			isa = PBXGroup;
			children = (
				5AD6811DE82C7E40B922FC3A /* Pods_Celebrity.framework */,
			);
			name = Frameworks;
			sourceTree = "<group>";
		};
/* End PBXGroup section */

/* Begin PBXNativeTarget section */
		F093A8542281098D006BAFF9 /* Celebrity */ = {
			isa = PBXNativeTarget;
			buildConfigurationList = F093A8672281098E006BAFF9 /* Build configuration list for PBXNativeTarget "Celebrity" */;
			buildPhases = (
				87F97267A6C6F947ECE370EC /* [CP] Check Pods Manifest.lock */,
				F093A8512281098D006BAFF9 /* Sources */,
				F093A8522281098D006BAFF9 /* Frameworks */,
				F093A8532281098D006BAFF9 /* Resources */,
				555B816C6D9F47E4C436A602 /* [CP] Embed Pods Frameworks */,
			);
			buildRules = (
			);
			dependencies = (
			);
			name = Celebrity;
			productName = Celebrity;
			productReference = F093A8552281098D006BAFF9 /* Celebrity.app */;
			productType = "com.apple.product-type.application";
		};
/* End PBXNativeTarget section */

/* Begin PBXProject section */
		F093A84D2281098D006BAFF9 /* Project object */ = {
			isa = PBXProject;
			attributes = {
				LastSwiftUpdateCheck = 1010;
				LastUpgradeCheck = 1010;
				ORGANIZATIONNAME = "Hills, Dennis";
				TargetAttributes = {
					F093A8542281098D006BAFF9 = {
						CreatedOnToolsVersion = 10.1;
					};
				};
			};
			buildConfigurationList = F093A8502281098D006BAFF9 /* Build configuration list for PBXProject "Celebrity" */;
			compatibilityVersion = "Xcode 9.3";
			developmentRegion = en;
			hasScannedForEncodings = 0;
			knownRegions = (
				en,
				Base,
			);
			mainGroup = F093A84C2281098D006BAFF9;
			productRefGroup = F093A8562281098D006BAFF9 /* Products */;
			projectDirPath = "";
			projectRoot = "";
			targets = (
				F093A8542281098D006BAFF9 /* Celebrity */,
			);
		};
/* End PBXProject section */

/* Begin PBXResourcesBuildPhase section */
		F093A8532281098D006BAFF9 /* Resources */ = {
			isa = PBXResourcesBuildPhase;
			buildActionMask = 2147483647;
			files = (
				F036C03222852EB900F791F8 /* awsconfiguration.json in Resources */,
				F093A8632281098E006BAFF9 /* LaunchScreen.storyboard in Resources */,
				F036C0302284FEEA00F791F8 /* celebrities.png in Resources */,
				F093A8602281098E006BAFF9 /* Assets.xcassets in Resources */,
				F093A85E2281098D006BAFF9 /* Main.storyboard in Resources */,
			);
			runOnlyForDeploymentPostprocessing = 0;
		};
/* End PBXResourcesBuildPhase section */

/* Begin PBXShellScriptBuildPhase section */
		555B816C6D9F47E4C436A602 /* [CP] Embed Pods Frameworks */ = {
			isa = PBXShellScriptBuildPhase;
			buildActionMask = 2147483647;
			files = (
			);
			inputFileListPaths = (
			);
			inputPaths = (
				"${PODS_ROOT}/Target Support Files/Pods-Celebrity/Pods-Celebrity-frameworks.sh",
				"${BUILT_PRODUCTS_DIR}/AWSCore/AWSCore.framework",
				"${BUILT_PRODUCTS_DIR}/AWSRekognition/AWSRekognition.framework",
			);
			name = "[CP] Embed Pods Frameworks";
			outputFileListPaths = (
			);
			outputPaths = (
				"${TARGET_BUILD_DIR}/${FRAMEWORKS_FOLDER_PATH}/AWSCore.framework",
				"${TARGET_BUILD_DIR}/${FRAMEWORKS_FOLDER_PATH}/AWSRekognition.framework",
			);
			runOnlyForDeploymentPostprocessing = 0;
			shellPath = /bin/sh;
			shellScript = "\"${PODS_ROOT}/Target Support Files/Pods-Celebrity/Pods-Celebrity-frameworks.sh\"\n";
			showEnvVarsInLog = 0;
		};
		87F97267A6C6F947ECE370EC /* [CP] Check Pods Manifest.lock */ = {
			isa = PBXShellScriptBuildPhase;
			buildActionMask = 2147483647;
			files = (
			);
			inputFileListPaths = (
			);
			inputPaths = (
				"${PODS_PODFILE_DIR_PATH}/Podfile.lock",
				"${PODS_ROOT}/Manifest.lock",
			);
			name = "[CP] Check Pods Manifest.lock";
			outputFileListPaths = (
			);
			outputPaths = (
				"$(DERIVED_FILE_DIR)/Pods-Celebrity-checkManifestLockResult.txt",
			);
			runOnlyForDeploymentPostprocessing = 0;
			shellPath = /bin/sh;
			shellScript = "diff \"${PODS_PODFILE_DIR_PATH}/Podfile.lock\" \"${PODS_ROOT}/Manifest.lock\" > /dev/null\nif [ $? != 0 ] ; then\n    # print error to STDERR\n    echo \"error: The sandbox is not in sync with the Podfile.lock. Run 'pod install' or update your CocoaPods installation.\" >&2\n    exit 1\nfi\n# This output is used by Xcode 'outputs' to avoid re-running this script phase.\necho \"SUCCESS\" > \"${SCRIPT_OUTPUT_FILE_0}\"\n";
			showEnvVarsInLog = 0;
		};
/* End PBXShellScriptBuildPhase section */

/* Begin PBXSourcesBuildPhase section */
		F093A8512281098D006BAFF9 /* Sources */ = {
			isa = PBXSourcesBuildPhase;
			buildActionMask = 2147483647;
			files = (
				F0E780EF2284EAE9007D37F9 /* Celebrity.swift in Sources */,
				F093A85B2281098D006BAFF9 /* ViewController.swift in Sources */,
				F093A8592281098D006BAFF9 /* AppDelegate.swift in Sources */,
			);
			runOnlyForDeploymentPostprocessing = 0;
		};
/* End PBXSourcesBuildPhase section */

/* Begin PBXVariantGroup section */
		F093A85C2281098D006BAFF9 /* Main.storyboard */ = {
			isa = PBXVariantGroup;
			children = (
				F093A85D2281098D006BAFF9 /* Base */,
			);
			name = Main.storyboard;
			sourceTree = "<group>";
		};
		F093A8612281098E006BAFF9 /* LaunchScreen.storyboard */ = {
			isa = PBXVariantGroup;
			children = (
				F093A8622281098E006BAFF9 /* Base */,
			);
			name = LaunchScreen.storyboard;
			sourceTree = "<group>";
		};
/* End PBXVariantGroup section */

/* Begin XCBuildConfiguration section */
		F093A8652281098E006BAFF9 /* Debug */ = {
			isa = XCBuildConfiguration;
			buildSettings = {
				ALWAYS_SEARCH_USER_PATHS = NO;
				CLANG_ANALYZER_NONNULL = YES;
				CLANG_ANALYZER_NUMBER_OBJECT_CONVERSION = YES_AGGRESSIVE;
				CLANG_CXX_LANGUAGE_STANDARD = "gnu++14";
				CLANG_CXX_LIBRARY = "libc++";
				CLANG_ENABLE_MODULES = YES;
				CLANG_ENABLE_OBJC_ARC = YES;
				CLANG_ENABLE_OBJC_WEAK = YES;
				CLANG_WARN_BLOCK_CAPTURE_AUTORELEASING = YES;
				CLANG_WARN_BOOL_CONVERSION = YES;
				CLANG_WARN_COMMA = YES;
				CLANG_WARN_CONSTANT_CONVERSION = YES;
				CLANG_WARN_DEPRECATED_OBJC_IMPLEMENTATIONS = YES;
				CLANG_WARN_DIRECT_OBJC_ISA_USAGE = YES_ERROR;
				CLANG_WARN_DOCUMENTATION_COMMENTS = YES;
				CLANG_WARN_EMPTY_BODY = YES;
				CLANG_WARN_ENUM_CONVERSION = YES;
				CLANG_WARN_INFINITE_RECURSION = YES;
				CLANG_WARN_INT_CONVERSION = YES;
				CLANG_WARN_NON_LITERAL_NULL_CONVERSION = YES;
				CLANG_WARN_OBJC_IMPLICIT_RETAIN_SELF = YES;
				CLANG_WARN_OBJC_LITERAL_CONVERSION = YES;
				CLANG_WARN_OBJC_ROOT_CLASS = YES_ERROR;
				CLANG_WARN_RANGE_LOOP_ANALYSIS = YES;
				CLANG_WARN_STRICT_PROTOTYPES = YES;
				CLANG_WARN_SUSPICIOUS_MOVE = YES;
				CLANG_WARN_UNGUARDED_AVAILABILITY = YES_AGGRESSIVE;
				CLANG_WARN_UNREACHABLE_CODE = YES;
				CLANG_WARN__DUPLICATE_METHOD_MATCH = YES;
				CODE_SIGN_IDENTITY = "iPhone Developer";
				COPY_PHASE_STRIP = NO;
				DEBUG_INFORMATION_FORMAT = dwarf;
				ENABLE_STRICT_OBJC_MSGSEND = YES;
				ENABLE_TESTABILITY = YES;
				GCC_C_LANGUAGE_STANDARD = gnu11;
				GCC_DYNAMIC_NO_PIC = NO;
				GCC_NO_COMMON_BLOCKS = YES;
				GCC_OPTIMIZATION_LEVEL = 0;
				GCC_PREPROCESSOR_DEFINITIONS = (
					"DEBUG=1",
					"$(inherited)",
				);
				GCC_WARN_64_TO_32_BIT_CONVERSION = YES;
				GCC_WARN_ABOUT_RETURN_TYPE = YES_ERROR;
				GCC_WARN_UNDECLARED_SELECTOR = YES;
				GCC_WARN_UNINITIALIZED_AUTOS = YES_AGGRESSIVE;
				GCC_WARN_UNUSED_FUNCTION = YES;
				GCC_WARN_UNUSED_VARIABLE = YES;
				IPHONEOS_DEPLOYMENT_TARGET = 12.1;
				MTL_ENABLE_DEBUG_INFO = INCLUDE_SOURCE;
				MTL_FAST_MATH = YES;
				ONLY_ACTIVE_ARCH = YES;
				SDKROOT = iphoneos;
				SWIFT_ACTIVE_COMPILATION_CONDITIONS = DEBUG;
				SWIFT_OPTIMIZATION_LEVEL = "-Onone";
			};
			name = Debug;
		};
		F093A8662281098E006BAFF9 /* Release */ = {
			isa = XCBuildConfiguration;
			buildSettings = {
				ALWAYS_SEARCH_USER_PATHS = NO;
				CLANG_ANALYZER_NONNULL = YES;
				CLANG_ANALYZER_NUMBER_OBJECT_CONVERSION = YES_AGGRESSIVE;
				CLANG_CXX_LANGUAGE_STANDARD = "gnu++14";
				CLANG_CXX_LIBRARY = "libc++";
				CLANG_ENABLE_MODULES = YES;
				CLANG_ENABLE_OBJC_ARC = YES;
				CLANG_ENABLE_OBJC_WEAK = YES;
				CLANG_WARN_BLOCK_CAPTURE_AUTORELEASING = YES;
				CLANG_WARN_BOOL_CONVERSION = YES;
				CLANG_WARN_COMMA = YES;
				CLANG_WARN_CONSTANT_CONVERSION = YES;
				CLANG_WARN_DEPRECATED_OBJC_IMPLEMENTATIONS = YES;
				CLANG_WARN_DIRECT_OBJC_ISA_USAGE = YES_ERROR;
				CLANG_WARN_DOCUMENTATION_COMMENTS = YES;
				CLANG_WARN_EMPTY_BODY = YES;
				CLANG_WARN_ENUM_CONVERSION = YES;
				CLANG_WARN_INFINITE_RECURSION = YES;
				CLANG_WARN_INT_CONVERSION = YES;
				CLANG_WARN_NON_LITERAL_NULL_CONVERSION = YES;
				CLANG_WARN_OBJC_IMPLICIT_RETAIN_SELF = YES;
				CLANG_WARN_OBJC_LITERAL_CONVERSION = YES;
				CLANG_WARN_OBJC_ROOT_CLASS = YES_ERROR;
				CLANG_WARN_RANGE_LOOP_ANALYSIS = YES;
				CLANG_WARN_STRICT_PROTOTYPES = YES;
				CLANG_WARN_SUSPICIOUS_MOVE = YES;
				CLANG_WARN_UNGUARDED_AVAILABILITY = YES_AGGRESSIVE;
				CLANG_WARN_UNREACHABLE_CODE = YES;
				CLANG_WARN__DUPLICATE_METHOD_MATCH = YES;
				CODE_SIGN_IDENTITY = "iPhone Developer";
				COPY_PHASE_STRIP = NO;
				DEBUG_INFORMATION_FORMAT = "dwarf-with-dsym";
				ENABLE_NS_ASSERTIONS = NO;
				ENABLE_STRICT_OBJC_MSGSEND = YES;
				GCC_C_LANGUAGE_STANDARD = gnu11;
				GCC_NO_COMMON_BLOCKS = YES;
				GCC_WARN_64_TO_32_BIT_CONVERSION = YES;
				GCC_WARN_ABOUT_RETURN_TYPE = YES_ERROR;
				GCC_WARN_UNDECLARED_SELECTOR = YES;
				GCC_WARN_UNINITIALIZED_AUTOS = YES_AGGRESSIVE;
				GCC_WARN_UNUSED_FUNCTION = YES;
				GCC_WARN_UNUSED_VARIABLE = YES;
				IPHONEOS_DEPLOYMENT_TARGET = 12.1;
				MTL_ENABLE_DEBUG_INFO = NO;
				MTL_FAST_MATH = YES;
				SDKROOT = iphoneos;
				SWIFT_COMPILATION_MODE = wholemodule;
				SWIFT_OPTIMIZATION_LEVEL = "-O";
				VALIDATE_PRODUCT = YES;
			};
			name = Release;
		};
		F093A8682281098E006BAFF9 /* Debug */ = {
			isa = XCBuildConfiguration;
			baseConfigurationReference = 56083A30D5261C4947141C15 /* Pods-Celebrity.debug.xcconfig */;
			buildSettings = {
				ASSETCATALOG_COMPILER_APPICON_NAME = AppIcon;
				CODE_SIGN_STYLE = Automatic;
				DEVELOPMENT_TEAM = GR5DHCQV9E;
				INFOPLIST_FILE = Celebrity/Info.plist;
				LD_RUNPATH_SEARCH_PATHS = (
					"$(inherited)",
					"@executable_path/Frameworks",
				);
				PRODUCT_BUNDLE_IDENTIFIER = com.awsforios.Celebrity;
				PRODUCT_NAME = "$(TARGET_NAME)";
				SWIFT_VERSION = 4.2;
				TARGETED_DEVICE_FAMILY = "1,2";
			};
			name = Debug;
		};
		F093A8692281098E006BAFF9 /* Release */ = {
			isa = XCBuildConfiguration;
			baseConfigurationReference = 1CEBFB83B0FAB72BAC791412 /* Pods-Celebrity.release.xcconfig */;
			buildSettings = {
				ASSETCATALOG_COMPILER_APPICON_NAME = AppIcon;
				CODE_SIGN_STYLE = Automatic;
				DEVELOPMENT_TEAM = GR5DHCQV9E;
				INFOPLIST_FILE = Celebrity/Info.plist;
				LD_RUNPATH_SEARCH_PATHS = (
					"$(inherited)",
					"@executable_path/Frameworks",
				);
				PRODUCT_BUNDLE_IDENTIFIER = com.awsforios.Celebrity;
				PRODUCT_NAME = "$(TARGET_NAME)";
				SWIFT_VERSION = 4.2;
				TARGETED_DEVICE_FAMILY = "1,2";
			};
			name = Release;
		};
/* End XCBuildConfiguration section */

/* Begin XCConfigurationList section */
		F093A8502281098D006BAFF9 /* Build configuration list for PBXProject "Celebrity" */ = {
			isa = XCConfigurationList;
			buildConfigurations = (
				F093A8652281098E006BAFF9 /* Debug */,
				F093A8662281098E006BAFF9 /* Release */,
			);
			defaultConfigurationIsVisible = 0;
			defaultConfigurationName = Release;
		};
		F093A8672281098E006BAFF9 /* Build configuration list for PBXNativeTarget "Celebrity" */ = {
			isa = XCConfigurationList;
			buildConfigurations = (
				F093A8682281098E006BAFF9 /* Debug */,
				F093A8692281098E006BAFF9 /* Release */,
			);
			defaultConfigurationIsVisible = 0;
			defaultConfigurationName = Release;
		};
/* End XCConfigurationList section */
	};
	rootObject = F093A84D2281098D006BAFF9 /* Project object */;
}
